
Microsoft Visual Studio Solution File, Format Version 12.00
# Visual Studio 15
VisualStudioVersion = 15.0.28307.489
MinimumVisualStudioVersion = 10.0.40219.1
Project("{FAE04EC0-301F-11D3-BF4B-00C04F79EFBC}") = "kinarti2", "kinarti2\kinarti2.csproj", "{D35631A6-87D2-42EA-8BFC-CC442D4B0616}"
EndProject
Global
	GlobalSection(SolutionConfigurationPlatforms) = preSolution
		Debug|Any CPU = Debug|Any CPU
		Release|Any CPU = Release|Any CPU
	EndGlobalSection
	GlobalSection(ProjectConfigurationPlatforms) = postSolution
		{D35631A6-87D2-42EA-8BFC-CC442D4B0616}.Debug|Any CPU.ActiveCfg = Debug|Any CPU
		{D35631A6-87D2-42EA-8BFC-CC442D4B0616}.Debug|Any CPU.Build.0 = Debug|Any CPU
		{D35631A6-87D2-42EA-8BFC-CC442D4B0616}.Release|Any CPU.ActiveCfg = Release|Any CPU
		{D35631A6-87D2-42EA-8BFC-CC442D4B0616}.Release|Any CPU.Build.0 = Release|Any CPU
	EndGlobalSection
	GlobalSection(SolutionProperties) = preSolution
		HideSolutionNode = FALSE
	EndGlobalSection
	GlobalSection(ExtensibilityGlobals) = postSolution
		SolutionGuid = {3718C52A-0F4E-4001-BB0E-CB9666BCAF72}
	EndGlobalSection
EndGlobal
